// !$*UTF8*$!
{
	archiveVersion = 1;
	classes = {
	};
	objectVersion = 50;
	objects = {

/* Begin PBXBuildFile section */
		EE42F2B4257D502D00C75489 /* main.cpp in Sources */ = {isa = PBXBuildFile; fileRef = EE42F2B3257D502D00C75489 /* main.cpp */; };
		EE42F2BC257D505B00C75489 /* OpenGL.framework in Frameworks */ = {isa = PBXBuildFile; fileRef = EE42F2BB257D505B00C75489 /* OpenGL.framework */; };
		EE42F2C2257D515200C75489 /* libglfw.3.3.dylib in Frameworks */ = {isa = PBXBuildFile; fileRef = EE42F2C1257D515200C75489 /* libglfw.3.3.dylib */; };
		EE42F2C4257D518000C75489 /* libGLEW.2.2.0.dylib in Frameworks */ = {isa = PBXBuildFile; fileRef = EE42F2C3257D518000C75489 /* libGLEW.2.2.0.dylib */; };
		EE42F2C6257D532D00C75489 /* controls.cpp in Sources */ = {isa = PBXBuildFile; fileRef = EE42F2C5257D532D00C75489 /* controls.cpp */; };
		EE42F2D0257D534100C75489 /* texture.cpp in Sources */ = {isa = PBXBuildFile; fileRef = EE42F2C9257D534100C75489 /* texture.cpp */; };
		EE42F2D1257D534100C75489 /* shader.cpp in Sources */ = {isa = PBXBuildFile; fileRef = EE42F2CC257D534100C75489 /* shader.cpp */; };
/* End PBXBuildFile section */

/* Begin PBXCopyFilesBuildPhase section */
		EE42F2AE257D502D00C75489 /* CopyFiles */ = {
			isa = PBXCopyFilesBuildPhase;
			buildActionMask = 2147483647;
			dstPath = /usr/share/man/man1/;
			dstSubfolderSpec = 0;
			files = (
			);
			runOnlyForDeploymentPostprocessing = 1;
		};
/* End PBXCopyFilesBuildPhase section */

/* Begin PBXFileReference section */
		EE2C41782580175A00206585 /* shader.hpp */ = {isa = PBXFileReference; lastKnownFileType = sourcecode.cpp.h; path = shader.hpp; sourceTree = "<group>"; };
		EE3100FF257E727200026E49 /* particle.cpp */ = {isa = PBXFileReference; lastKnownFileType = sourcecode.cpp.cpp; path = particle.cpp; sourceTree = "<group>"; };
		EE31010A257EEA0500026E49 /* particleNeha.DDS */ = {isa = PBXFileReference; lastKnownFileType = file; path = particleNeha.DDS; sourceTree = "<group>"; };
		EE42F2B0257D502D00C75489 /* hooha */ = {isa = PBXFileReference; explicitFileType = "compiled.mach-o.executable"; includeInIndex = 0; path = hooha; sourceTree = BUILT_PRODUCTS_DIR; };
		EE42F2B3257D502D00C75489 /* main.cpp */ = {isa = PBXFileReference; lastKnownFileType = sourcecode.cpp.cpp; path = main.cpp; sourceTree = "<group>"; };
		EE42F2BB257D505B00C75489 /* OpenGL.framework */ = {isa = PBXFileReference; lastKnownFileType = wrapper.framework; name = OpenGL.framework; path = System/Library/Frameworks/OpenGL.framework; sourceTree = SDKROOT; };
		EE42F2BD257D50F000C75489 /* 2.0.1 */ = {isa = PBXFileReference; lastKnownFileType = folder; name = 2.0.1; path = ../../../../../usr/local/Cellar/aom/2.0.1; sourceTree = "<group>"; };
		EE42F2BF257D511A00C75489 /* include */ = {isa = PBXFileReference; lastKnownFileType = folder; name = include; path = ../../../../../usr/local/Cellar/glfw/3.3.2/include; sourceTree = "<group>"; };
		EE42F2C1257D515200C75489 /* libglfw.3.3.dylib */ = {isa = PBXFileReference; lastKnownFileType = "compiled.mach-o.dylib"; name = libglfw.3.3.dylib; path = ../../../../../usr/local/Cellar/glfw/3.3.2/lib/libglfw.3.3.dylib; sourceTree = "<group>"; };
		EE42F2C3257D518000C75489 /* libGLEW.2.2.0.dylib */ = {isa = PBXFileReference; lastKnownFileType = "compiled.mach-o.dylib"; name = libGLEW.2.2.0.dylib; path = ../../../../../usr/local/Cellar/glew/2.2.0/lib/libGLEW.2.2.0.dylib; sourceTree = "<group>"; };
		EE42F2C5257D532D00C75489 /* controls.cpp */ = {isa = PBXFileReference; fileEncoding = 4; lastKnownFileType = sourcecode.cpp.cpp; path = controls.cpp; sourceTree = "<group>"; };
		EE42F2C8257D534100C75489 /* controls.hpp */ = {isa = PBXFileReference; fileEncoding = 4; lastKnownFileType = sourcecode.cpp.h; path = controls.hpp; sourceTree = "<group>"; };
		EE42F2C9257D534100C75489 /* texture.cpp */ = {isa = PBXFileReference; fileEncoding = 4; lastKnownFileType = sourcecode.cpp.cpp; path = texture.cpp; sourceTree = "<group>"; };
		EE42F2CA257D534100C75489 /* texture.hpp */ = {isa = PBXFileReference; fileEncoding = 4; lastKnownFileType = sourcecode.cpp.h; path = texture.hpp; sourceTree = "<group>"; };
		EE42F2CB257D534100C75489 /* Particle.fragmentshader */ = {isa = PBXFileReference; fileEncoding = 4; lastKnownFileType = text; path = Particle.fragmentshader; sourceTree = "<group>"; };
		EE42F2CC257D534100C75489 /* shader.cpp */ = {isa = PBXFileReference; fileEncoding = 4; lastKnownFileType = sourcecode.cpp.cpp; path = shader.cpp; sourceTree = "<group>"; };
		EE42F2CE257D534100C75489 /* Particle.vertexshader */ = {isa = PBXFileReference; fileEncoding = 4; lastKnownFileType = text; path = Particle.vertexshader; sourceTree = "<group>"; };
/* End PBXFileReference section */

/* Begin PBXFrameworksBuildPhase section */
		EE42F2AD257D502D00C75489 /* Frameworks */ = {
			isa = PBXFrameworksBuildPhase;
			buildActionMask = 2147483647;
			files = (
				EE42F2C4257D518000C75489 /* libGLEW.2.2.0.dylib in Frameworks */,
				EE42F2C2257D515200C75489 /* libglfw.3.3.dylib in Frameworks */,
				EE42F2BC257D505B00C75489 /* OpenGL.framework in Frameworks */,
			);
			runOnlyForDeploymentPostprocessing = 0;
		};
/* End PBXFrameworksBuildPhase section */

/* Begin PBXGroup section */
		EE42F2A7257D502D00C75489 = {
			isa = PBXGroup;
			children = (
				EE31010A257EEA0500026E49 /* particleNeha.DDS */,
				EE42F2CE257D534100C75489 /* Particle.vertexshader */,
				EE42F2CB257D534100C75489 /* Particle.fragmentshader */,
				EE42F2B2257D502D00C75489 /* Graphics */,
				EE42F2B1257D502D00C75489 /* Products */,
				EE42F2BA257D505A00C75489 /* Frameworks */,
			);
			sourceTree = "<group>";
		};
		EE42F2B1257D502D00C75489 /* Products */ = {
			isa = PBXGroup;
			children = (
				EE42F2B0257D502D00C75489 /* hooha */,
			);
			name = Products;
			sourceTree = "<group>";
		};
		EE42F2B2257D502D00C75489 /* Graphics */ = {
			isa = PBXGroup;
			children = (
				EE2C41782580175A00206585 /* shader.hpp */,
				EE42F2CC257D534100C75489 /* shader.cpp */,
				EE42F2C8257D534100C75489 /* controls.hpp */,
				EE42F2C5257D532D00C75489 /* controls.cpp */,
				EE42F2C9257D534100C75489 /* texture.cpp */,
				EE42F2CA257D534100C75489 /* texture.hpp */,
				EE42F2B3257D502D00C75489 /* main.cpp */,
				EE3100FF257E727200026E49 /* particle.cpp */,
			);
			path = Graphics;
			sourceTree = "<group>";
		};
		EE42F2BA257D505A00C75489 /* Frameworks */ = {
			isa = PBXGroup;
			children = (
				EE42F2C3257D518000C75489 /* libGLEW.2.2.0.dylib */,
				EE42F2C1257D515200C75489 /* libglfw.3.3.dylib */,
				EE42F2BF257D511A00C75489 /* include */,
				EE42F2BD257D50F000C75489 /* 2.0.1 */,
				EE42F2BB257D505B00C75489 /* OpenGL.framework */,
			);
			name = Frameworks;
			sourceTree = "<group>";
		};
/* End PBXGroup section */

/* Begin PBXNativeTarget section */
		EE42F2AF257D502D00C75489 /* hooha */ = {
			isa = PBXNativeTarget;
			buildConfigurationList = EE42F2B7257D502D00C75489 /* Build configuration list for PBXNativeTarget "hooha" */;
			buildPhases = (
				EE42F2AC257D502D00C75489 /* Sources */,
				EE42F2AD257D502D00C75489 /* Frameworks */,
				EE42F2AE257D502D00C75489 /* CopyFiles */,
			);
			buildRules = (
			);
			dependencies = (
			);
			name = hooha;
			productName = hooha;
			productReference = EE42F2B0257D502D00C75489 /* hooha */;
			productType = "com.apple.product-type.tool";
		};
/* End PBXNativeTarget section */

/* Begin PBXProject section */
		EE42F2A8257D502D00C75489 /* Project object */ = {
			isa = PBXProject;
			attributes = {
				LastUpgradeCheck = 1020;
				ORGANIZATIONNAME = "Neha Patil";
				TargetAttributes = {
					EE42F2AF257D502D00C75489 = {
						CreatedOnToolsVersion = 10.2.1;
					};
				};
			};
			buildConfigurationList = EE42F2AB257D502D00C75489 /* Build configuration list for PBXProject "graphics" */;
			compatibilityVersion = "Xcode 9.3";
			developmentRegion = en;
			hasScannedForEncodings = 0;
			knownRegions = (
				en,
			);
			mainGroup = EE42F2A7257D502D00C75489;
			productRefGroup = EE42F2B1257D502D00C75489 /* Products */;
			projectDirPath = "";
			projectRoot = "";
			targets = (
				EE42F2AF257D502D00C75489 /* hooha */,
			);
		};
/* End PBXProject section */

/* Begin PBXSourcesBuildPhase section */
		EE42F2AC257D502D00C75489 /* Sources */ = {
			isa = PBXSourcesBuildPhase;
			buildActionMask = 2147483647;
			files = (
				EE42F2D0257D534100C75489 /* texture.cpp in Sources */,
				EE42F2B4257D502D00C75489 /* main.cpp in Sources */,
				EE42F2D1257D534100C75489 /* shader.cpp in Sources */,
				EE42F2C6257D532D00C75489 /* controls.cpp in Sources */,
			);
			runOnlyForDeploymentPostprocessing = 0;
		};
/* End PBXSourcesBuildPhase section */

/* Begin XCBuildConfiguration section */
		EE42F2B5257D502D00C75489 /* Debug */ = {
			isa = XCBuildConfiguration;
			buildSettings = {
				ALWAYS_SEARCH_USER_PATHS = NO;
				CLANG_ANALYZER_NONNULL = YES;
				CLANG_ANALYZER_NUMBER_OBJECT_CONVERSION = YES_AGGRESSIVE;
				CLANG_CXX_LANGUAGE_STANDARD = "gnu++14";
				CLANG_CXX_LIBRARY = "libc++";
				CLANG_ENABLE_MODULES = YES;
				CLANG_ENABLE_OBJC_ARC = YES;
				CLANG_ENABLE_OBJC_WEAK = YES;
				CLANG_WARN_BLOCK_CAPTURE_AUTORELEASING = YES;
				CLANG_WARN_BOOL_CONVERSION = YES;
				CLANG_WARN_COMMA = YES;
				CLANG_WARN_CONSTANT_CONVERSION = YES;
				CLANG_WARN_DEPRECATED_OBJC_IMPLEMENTATIONS = YES;
				CLANG_WARN_DIRECT_OBJC_ISA_USAGE = YES_ERROR;
				CLANG_WARN_DOCUMENTATION_COMMENTS = YES;
				CLANG_WARN_EMPTY_BODY = YES;
				CLANG_WARN_ENUM_CONVERSION = YES;
				CLANG_WARN_INFINITE_RECURSION = YES;
				CLANG_WARN_INT_CONVERSION = YES;
				CLANG_WARN_NON_LITERAL_NULL_CONVERSION = YES;
				CLANG_WARN_OBJC_IMPLICIT_RETAIN_SELF = YES;
				CLANG_WARN_OBJC_LITERAL_CONVERSION = YES;
				CLANG_WARN_OBJC_ROOT_CLASS = YES_ERROR;
				CLANG_WARN_RANGE_LOOP_ANALYSIS = YES;
				CLANG_WARN_STRICT_PROTOTYPES = YES;
				CLANG_WARN_SUSPICIOUS_MOVE = YES;
				CLANG_WARN_UNGUARDED_AVAILABILITY = YES_AGGRESSIVE;
				CLANG_WARN_UNREACHABLE_CODE = YES;
				CLANG_WARN__DUPLICATE_METHOD_MATCH = YES;
				CODE_SIGN_IDENTITY = "-";
				COPY_PHASE_STRIP = NO;
				DEBUG_INFORMATION_FORMAT = dwarf;
				ENABLE_STRICT_OBJC_MSGSEND = YES;
				ENABLE_TESTABILITY = YES;
				GCC_C_LANGUAGE_STANDARD = gnu11;
				GCC_DYNAMIC_NO_PIC = NO;
				GCC_NO_COMMON_BLOCKS = YES;
				GCC_OPTIMIZATION_LEVEL = 0;
				GCC_PREPROCESSOR_DEFINITIONS = (
					"DEBUG=1",
					"$(inherited)",
				);
				GCC_WARN_64_TO_32_BIT_CONVERSION = YES;
				GCC_WARN_ABOUT_RETURN_TYPE = YES_ERROR;
				GCC_WARN_UNDECLARED_SELECTOR = YES;
				GCC_WARN_UNINITIALIZED_AUTOS = YES_AGGRESSIVE;
				GCC_WARN_UNUSED_FUNCTION = YES;
				GCC_WARN_UNUSED_VARIABLE = YES;
				MACOSX_DEPLOYMENT_TARGET = 10.14;
				MTL_ENABLE_DEBUG_INFO = INCLUDE_SOURCE;
				MTL_FAST_MATH = YES;
				ONLY_ACTIVE_ARCH = YES;
				SDKROOT = macosx;
			};
			name = Debug;
		};
		EE42F2B6257D502D00C75489 /* Release */ = {
			isa = XCBuildConfiguration;
			buildSettings = {
				ALWAYS_SEARCH_USER_PATHS = NO;
				CLANG_ANALYZER_NONNULL = YES;
				CLANG_ANALYZER_NUMBER_OBJECT_CONVERSION = YES_AGGRESSIVE;
				CLANG_CXX_LANGUAGE_STANDARD = "gnu++14";
				CLANG_CXX_LIBRARY = "libc++";
				CLANG_ENABLE_MODULES = YES;
				CLANG_ENABLE_OBJC_ARC = YES;
				CLANG_ENABLE_OBJC_WEAK = YES;
				CLANG_WARN_BLOCK_CAPTURE_AUTORELEASING = YES;
				CLANG_WARN_BOOL_CONVERSION = YES;
				CLANG_WARN_COMMA = YES;
				CLANG_WARN_CONSTANT_CONVERSION = YES;
				CLANG_WARN_DEPRECATED_OBJC_IMPLEMENTATIONS = YES;
				CLANG_WARN_DIRECT_OBJC_ISA_USAGE = YES_ERROR;
				CLANG_WARN_DOCUMENTATION_COMMENTS = YES;
				CLANG_WARN_EMPTY_BODY = YES;
				CLANG_WARN_ENUM_CONVERSION = YES;
				CLANG_WARN_INFINITE_RECURSION = YES;
				CLANG_WARN_INT_CONVERSION = YES;
				CLANG_WARN_NON_LITERAL_NULL_CONVERSION = YES;
				CLANG_WARN_OBJC_IMPLICIT_RETAIN_SELF = YES;
				CLANG_WARN_OBJC_LITERAL_CONVERSION = YES;
				CLANG_WARN_OBJC_ROOT_CLASS = YES_ERROR;
				CLANG_WARN_RANGE_LOOP_ANALYSIS = YES;
				CLANG_WARN_STRICT_PROTOTYPES = YES;
				CLANG_WARN_SUSPICIOUS_MOVE = YES;
				CLANG_WARN_UNGUARDED_AVAILABILITY = YES_AGGRESSIVE;
				CLANG_WARN_UNREACHABLE_CODE = YES;
				CLANG_WARN__DUPLICATE_METHOD_MATCH = YES;
				CODE_SIGN_IDENTITY = "-";
				COPY_PHASE_STRIP = NO;
				DEBUG_INFORMATION_FORMAT = "dwarf-with-dsym";
				ENABLE_NS_ASSERTIONS = NO;
				ENABLE_STRICT_OBJC_MSGSEND = YES;
				GCC_C_LANGUAGE_STANDARD = gnu11;
				GCC_NO_COMMON_BLOCKS = YES;
				GCC_WARN_64_TO_32_BIT_CONVERSION = YES;
				GCC_WARN_ABOUT_RETURN_TYPE = YES_ERROR;
				GCC_WARN_UNDECLARED_SELECTOR = YES;
				GCC_WARN_UNINITIALIZED_AUTOS = YES_AGGRESSIVE;
				GCC_WARN_UNUSED_FUNCTION = YES;
				GCC_WARN_UNUSED_VARIABLE = YES;
				MACOSX_DEPLOYMENT_TARGET = 10.14;
				MTL_ENABLE_DEBUG_INFO = NO;
				MTL_FAST_MATH = YES;
				SDKROOT = macosx;
			};
			name = Release;
		};
		EE42F2B8257D502D00C75489 /* Debug */ = {
			isa = XCBuildConfiguration;
			buildSettings = {
				CODE_SIGN_STYLE = Automatic;
				HEADER_SEARCH_PATHS = /usr/local/include;
				LIBRARY_SEARCH_PATHS = (
					"$(inherited)",
					/usr/local/Cellar/glfw/3.3.2/lib,
					/usr/local/Cellar/glew/2.2.0/lib,
				);
				PRODUCT_NAME = "$(TARGET_NAME)";
			};
			name = Debug;
		};
		EE42F2B9257D502D00C75489 /* Release */ = {
			isa = XCBuildConfiguration;
			buildSettings = {
				CODE_SIGN_STYLE = Automatic;
				HEADER_SEARCH_PATHS = /usr/local/include;
				LIBRARY_SEARCH_PATHS = (
					"$(inherited)",
					/usr/local/Cellar/glfw/3.3.2/lib,
					/usr/local/Cellar/glew/2.2.0/lib,
				);
				PRODUCT_NAME = "$(TARGET_NAME)";
			};
			name = Release;
		};
/* End XCBuildConfiguration section */

/* Begin XCConfigurationList section */
		EE42F2AB257D502D00C75489 /* Build configuration list for PBXProject "graphics" */ = {
			isa = XCConfigurationList;
			buildConfigurations = (
				EE42F2B5257D502D00C75489 /* Debug */,
				EE42F2B6257D502D00C75489 /* Release */,
			);
			defaultConfigurationIsVisible = 0;
			defaultConfigurationName = Release;
		};
		EE42F2B7257D502D00C75489 /* Build configuration list for PBXNativeTarget "hooha" */ = {
			isa = XCConfigurationList;
			buildConfigurations = (
				EE42F2B8257D502D00C75489 /* Debug */,
				EE42F2B9257D502D00C75489 /* Release */,
			);
			defaultConfigurationIsVisible = 0;
			defaultConfigurationName = Release;
		};
/* End XCConfigurationList section */
	};
	rootObject = EE42F2A8257D502D00C75489 /* Project object */;
}
